
Microsoft Visual Studio Solution File, Format Version 12.00
# Visual Studio Version 17
VisualStudioVersion = 17.7.34202.233
MinimumVisualStudioVersion = 10.0.40219.1
Project("{9A19103F-16F7-4668-BE54-9A1E7A4F7556}") = "Bannerlord.BannerCraftRBMPatch", "Bannerlord.BannerCraftRBMPatch\Bannerlord.BannerCraftRBMPatch.csproj", "{0605A10E-1C94-4C2C-BB84-C67C7862297A}"
EndProject
Global
	GlobalSection(SolutionConfigurationPlatforms) = preSolution
		Beta_Debug|x64 = Beta_Debug|x64
		Beta_Release|x64 = Beta_Release|x64
		Debug|x64 = Debug|x64
		Release|x64 = Release|x64
		Stable_Debug|x64 = Stable_Debug|x64
		Stable_Release|x64 = Stable_Release|x64
	EndGlobalSection
	GlobalSection(ProjectConfigurationPlatforms) = postSolution
		{0605A10E-1C94-4C2C-BB84-C67C7862297A}.Beta_Debug|x64.ActiveCfg = Beta_Debug|x64
		{0605A10E-1C94-4C2C-BB84-C67C7862297A}.Beta_Debug|x64.Build.0 = Beta_Debug|x64
		{0605A10E-1C94-4C2C-BB84-C67C7862297A}.Beta_Release|x64.ActiveCfg = Beta_Release|x64
		{0605A10E-1C94-4C2C-BB84-C67C7862297A}.Beta_Release|x64.Build.0 = Beta_Release|x64
		{0605A10E-1C94-4C2C-BB84-C67C7862297A}.Debug|x64.ActiveCfg = Debug|x64
		{0605A10E-1C94-4C2C-BB84-C67C7862297A}.Debug|x64.Build.0 = Debug|x64
		{0605A10E-1C94-4C2C-BB84-C67C7862297A}.Release|x64.ActiveCfg = Release|x64
		{0605A10E-1C94-4C2C-BB84-C67C7862297A}.Release|x64.Build.0 = Release|x64
		{0605A10E-1C94-4C2C-BB84-C67C7862297A}.Stable_Debug|x64.ActiveCfg = Stable_Debug|x64
		{0605A10E-1C94-4C2C-BB84-C67C7862297A}.Stable_Debug|x64.Build.0 = Stable_Debug|x64
		{0605A10E-1C94-4C2C-BB84-C67C7862297A}.Stable_Release|x64.ActiveCfg = Stable_Release|x64
		{0605A10E-1C94-4C2C-BB84-C67C7862297A}.Stable_Release|x64.Build.0 = Stable_Release|x64
	EndGlobalSection
	GlobalSection(SolutionProperties) = preSolution
		HideSolutionNode = FALSE
	EndGlobalSection
	GlobalSection(ExtensibilityGlobals) = postSolution
		SolutionGuid = {40FFE51B-E724-4BAE-8E29-1E0A0718A654}
	EndGlobalSection
EndGlobal
